
Microsoft Visual Studio Solution File, Format Version 12.00
# Visual Studio Version 16
VisualStudioVersion = 16.0.810.10
MinimumVisualStudioVersion = 10.0.40219.1
Project("{2150E333-8FDC-42A3-9474-1A3956D46DE8}") = "Services", "Services", "{54BDE0E9-5FC6-4356-AB94-12BBB03BD05E}"
EndProject
Project("{2150E333-8FDC-42A3-9474-1A3956D46DE8}") = "Catalog", "Catalog", "{252A8C6B-22A6-4846-B457-53FFF557ABF5}"
EndProject
Project("{FAE04EC0-301F-11D3-BF4B-00C04F79EFBC}") = "Catalog.Api", "Services\Catalog\Catalog.Api\Catalog.Api.csproj", "{B4CAFC4D-1F5B-44A7-A421-2244DE9E3404}"
EndProject
Project("{FAE04EC0-301F-11D3-BF4B-00C04F79EFBC}") = "docker-compose", "docker-compose.dcproj", "{321974D8-9CF5-4853-8BB7-D66247E54BF2}"
EndProject
Project("{2150E333-8FDC-42A3-9474-1A3956D46DE8}") = "Basket", "Basket", "{E21733A7-80A9-4DD3-B9C1-9A77F2FCB37F}"
EndProject
Project("{FAE04EC0-301F-11D3-BF4B-00C04F79EFBC}") = "Basket.Api", "Services\Basket\Basket.Api\Basket.Api.csproj", "{A9D45FB6-6846-49A0-9F12-15797565C349}"
EndProject
Global
	GlobalSection(SolutionConfigurationPlatforms) = preSolution
		Debug|Any CPU = Debug|Any CPU
		Release|Any CPU = Release|Any CPU
	EndGlobalSection
	GlobalSection(ProjectConfigurationPlatforms) = postSolution
		{B4CAFC4D-1F5B-44A7-A421-2244DE9E3404}.Debug|Any CPU.ActiveCfg = Debug|Any CPU
		{B4CAFC4D-1F5B-44A7-A421-2244DE9E3404}.Debug|Any CPU.Build.0 = Debug|Any CPU
		{B4CAFC4D-1F5B-44A7-A421-2244DE9E3404}.Release|Any CPU.ActiveCfg = Release|Any CPU
		{B4CAFC4D-1F5B-44A7-A421-2244DE9E3404}.Release|Any CPU.Build.0 = Release|Any CPU
		{A9D45FB6-6846-49A0-9F12-15797565C349}.Debug|Any CPU.ActiveCfg = Debug|Any CPU
		{A9D45FB6-6846-49A0-9F12-15797565C349}.Debug|Any CPU.Build.0 = Debug|Any CPU
		{A9D45FB6-6846-49A0-9F12-15797565C349}.Release|Any CPU.ActiveCfg = Release|Any CPU
		{A9D45FB6-6846-49A0-9F12-15797565C349}.Release|Any CPU.Build.0 = Release|Any CPU
	EndGlobalSection
	GlobalSection(SolutionProperties) = preSolution
		HideSolutionNode = FALSE
	EndGlobalSection
	GlobalSection(ExtensibilityGlobals) = postSolution
		SolutionGuid = {E998ACE6-1EF4-427C-BE2F-6330C41AFDD1}
	EndGlobalSection
	GlobalSection(NestedProjects) = preSolution
		{252A8C6B-22A6-4846-B457-53FFF557ABF5} = {54BDE0E9-5FC6-4356-AB94-12BBB03BD05E}
		{B4CAFC4D-1F5B-44A7-A421-2244DE9E3404} = {252A8C6B-22A6-4846-B457-53FFF557ABF5}
		{E21733A7-80A9-4DD3-B9C1-9A77F2FCB37F} = {54BDE0E9-5FC6-4356-AB94-12BBB03BD05E}
		{A9D45FB6-6846-49A0-9F12-15797565C349} = {E21733A7-80A9-4DD3-B9C1-9A77F2FCB37F}
	EndGlobalSection
EndGlobal
